
Microsoft Visual Studio Solution File, Format Version 12.00
# Visual Studio Version 17
VisualStudioVersion = 17.4.33213.308
MinimumVisualStudioVersion = 10.0.40219.1
Project("{FAE04EC0-301F-11D3-BF4B-00C04F79EFBC}") = "WinFormsApp1", "WinFormsApp1\WinFormsApp1.csproj", "{FDB3E814-D580-446F-B60F-ECD88C1EC1DA}"
EndProject
Global
	GlobalSection(SolutionConfigurationPlatforms) = preSolution
		Debug|Any CPU = Debug|Any CPU
		Release|Any CPU = Release|Any CPU
	EndGlobalSection
	GlobalSection(ProjectConfigurationPlatforms) = postSolution
		{FDB3E814-D580-446F-B60F-ECD88C1EC1DA}.Debug|Any CPU.ActiveCfg = Debug|Any CPU
		{FDB3E814-D580-446F-B60F-ECD88C1EC1DA}.Debug|Any CPU.Build.0 = Debug|Any CPU
		{FDB3E814-D580-446F-B60F-ECD88C1EC1DA}.Release|Any CPU.ActiveCfg = Release|Any CPU
		{FDB3E814-D580-446F-B60F-ECD88C1EC1DA}.Release|Any CPU.Build.0 = Release|Any CPU
	EndGlobalSection
	GlobalSection(SolutionProperties) = preSolution
		HideSolutionNode = FALSE
	EndGlobalSection
	GlobalSection(ExtensibilityGlobals) = postSolution
		SolutionGuid = {92C7BABB-6D42-43C1-978C-248C739C4990}
	EndGlobalSection
EndGlobal
